PODS:
  - FBSnapshotTestCase (1.6)
  - UIImage+ColorFromImage (0.0.2)

DEPENDENCIES:
  - FBSnapshotTestCase (~> 1.6)
  - UIImage+ColorFromImage (= 0.0.2)

SPEC CHECKSUMS:
  FBSnapshotTestCase: 9d5fe43b29ae3a0ed8fc829477971b281038f748
  UIImage+ColorFromImage: b84b5f8b4dc9d996d17d2b736e1429f4a13b37e4

PODFILE CHECKSUM: 46175c3b130fcfe89db15f3a27f25934611ca056

COCOAPODS: 1.0.1
